github.com/sstallion/go-hid v0.15.0 h1:WERW/VW3Us6N73V2qa7HjdqWQvwHd0CoRDOP/N707/w=
github.com/sstallion/go-hid v0.15.0/go.mod h1:fPKp4rqx0xuoTV94gwKojsPG++KNKhxuU88goGuGM7I=
golang.org/x/sys v0.39.0 h1:CvCKL8MeisomCi6qNZ+wbb0DN9E5AATixKsvNtMoMFk=
golang.org/x/sys v0.39.0/go.mod h1:OgkHotnGiDImocRcuBABYBEXf8A9a87e/uXjp9XT3ks=
